
Microsoft Visual Studio Solution File, Format Version 12.00
# Visual Studio Version 16
VisualStudioVersion = 25.0.1705.2
MinimumVisualStudioVersion = 10.0.40219.1
Project("{FAE04EC0-301F-11D3-BF4B-00C04F79EFBC}") = "NovaanServer", "novaan-server\NovaanServer.csproj", "{7D95BACD-7344-4988-ADF5-849B861BF3D7}"
EndProject
Project("{FAE04EC0-301F-11D3-BF4B-00C04F79EFBC}") = "MongoConnector", "mongo-connector\MongoConnector.csproj", "{98397B6F-3F72-4C2C-AAF6-278D68E06170}"
EndProject
Project("{FAE04EC0-301F-11D3-BF4B-00C04F79EFBC}") = "Utils", "Utils\Utils.csproj", "{57AD58CE-DD25-4444-B1D7-0A6576574C74}"
EndProject
Project("{FAE04EC0-301F-11D3-BF4B-00C04F79EFBC}") = "S3Connector", "S3Connector\S3Connector.csproj", "{BEE4F842-C73C-4FF0-BB2C-9A6FC1B56E61}"
EndProject
Project("{FAE04EC0-301F-11D3-BF4B-00C04F79EFBC}") = "NovaanServerTest", "NovaanServerTest\NovaanServerTest.csproj", "{9C59281E-AE7A-4376-A2B3-03E7FF828CF8}"
EndProject
Global
	GlobalSection(SolutionConfigurationPlatforms) = preSolution
		Debug|Any CPU = Debug|Any CPU
		Release|Any CPU = Release|Any CPU
	EndGlobalSection
	GlobalSection(ProjectConfigurationPlatforms) = postSolution
		{7D95BACD-7344-4988-ADF5-849B861BF3D7}.Debug|Any CPU.ActiveCfg = Debug|Any CPU
		{7D95BACD-7344-4988-ADF5-849B861BF3D7}.Debug|Any CPU.Build.0 = Debug|Any CPU
		{7D95BACD-7344-4988-ADF5-849B861BF3D7}.Release|Any CPU.ActiveCfg = Release|Any CPU
		{7D95BACD-7344-4988-ADF5-849B861BF3D7}.Release|Any CPU.Build.0 = Release|Any CPU
		{98397B6F-3F72-4C2C-AAF6-278D68E06170}.Debug|Any CPU.ActiveCfg = Debug|Any CPU
		{98397B6F-3F72-4C2C-AAF6-278D68E06170}.Debug|Any CPU.Build.0 = Debug|Any CPU
		{98397B6F-3F72-4C2C-AAF6-278D68E06170}.Release|Any CPU.ActiveCfg = Release|Any CPU
		{98397B6F-3F72-4C2C-AAF6-278D68E06170}.Release|Any CPU.Build.0 = Release|Any CPU
		{57AD58CE-DD25-4444-B1D7-0A6576574C74}.Debug|Any CPU.ActiveCfg = Debug|Any CPU
		{57AD58CE-DD25-4444-B1D7-0A6576574C74}.Debug|Any CPU.Build.0 = Debug|Any CPU
		{57AD58CE-DD25-4444-B1D7-0A6576574C74}.Release|Any CPU.ActiveCfg = Release|Any CPU
		{57AD58CE-DD25-4444-B1D7-0A6576574C74}.Release|Any CPU.Build.0 = Release|Any CPU
		{BEE4F842-C73C-4FF0-BB2C-9A6FC1B56E61}.Debug|Any CPU.ActiveCfg = Debug|Any CPU
		{BEE4F842-C73C-4FF0-BB2C-9A6FC1B56E61}.Debug|Any CPU.Build.0 = Debug|Any CPU
		{BEE4F842-C73C-4FF0-BB2C-9A6FC1B56E61}.Release|Any CPU.ActiveCfg = Release|Any CPU
		{BEE4F842-C73C-4FF0-BB2C-9A6FC1B56E61}.Release|Any CPU.Build.0 = Release|Any CPU
		{9C59281E-AE7A-4376-A2B3-03E7FF828CF8}.Debug|Any CPU.ActiveCfg = Debug|Any CPU
		{9C59281E-AE7A-4376-A2B3-03E7FF828CF8}.Debug|Any CPU.Build.0 = Debug|Any CPU
		{9C59281E-AE7A-4376-A2B3-03E7FF828CF8}.Release|Any CPU.ActiveCfg = Release|Any CPU
		{9C59281E-AE7A-4376-A2B3-03E7FF828CF8}.Release|Any CPU.Build.0 = Release|Any CPU
	EndGlobalSection
	GlobalSection(SolutionProperties) = preSolution
		HideSolutionNode = FALSE
	EndGlobalSection
	GlobalSection(ExtensibilityGlobals) = postSolution
		SolutionGuid = {5F68068D-B0D6-4DCE-9A7E-7EACC1A9FF8A}
	EndGlobalSection
EndGlobal
